// !$*UTF8*$!
{
	archiveVersion = 1;
	classes = {
	};
	objectVersion = 77;
	objects = {

/* Begin PBXBuildFile section */
		042B349F5799C3F7CF15EA99 /* AirPodsView.swift in Sources */ = {isa = PBXBuildFile; fileRef = 8EB110EA11D24C6907762BAF /* AirPodsView.swift */; };
		0476813050891A01F9DFDF6B /* Data+Append.swift in Sources */ = {isa = PBXBuildFile; fileRef = 78ACFB47B00A482E040584F8 /* Data+Append.swift */; };
		0570CCAF85C30825C4528D25 /* NotchShell.swift in Sources */ = {isa = PBXBuildFile; fileRef = 6633BDBED265ECF9E7B5D9E0 /* NotchShell.swift */; };
		06F29F064FA18C158A92DB97 /* NotchIntent.swift in Sources */ = {isa = PBXBuildFile; fileRef = 8F8A432C63FD5F5D5741DD0E /* NotchIntent.swift */; };
		07793ECBED4BA6325FC499EE /* SnapshotHosting.swift in Sources */ = {isa = PBXBuildFile; fileRef = 8F31F61FC708402DBDC105B1 /* SnapshotHosting.swift */; };
		08A3041B1A964341B8937D7D /* MediaView.swift in Sources */ = {isa = PBXBuildFile; fileRef = B9A8751CBEB8419A976C9866 /* MediaView.swift */; };
		0A19675515A4620A0B528D24 /* NotchStateMachine.swift in Sources */ = {isa = PBXBuildFile; fileRef = D122AD1F4DC763CB8C4850EF /* NotchStateMachine.swift */; };
		0E614FC36B1E07D76EF6AF98 /* MediaRemoteBridgeTests.swift in Sources */ = {isa = PBXBuildFile; fileRef = 987883E6E877E89AC16FBF27 /* MediaRemoteBridgeTests.swift */; };
		181C49AA1DBBCA49D1328FED /* DropFeature.swift in Sources */ = {isa = PBXBuildFile; fileRef = 5EBC17BE3C8BA0AA132DA193 /* DropFeature.swift */; };
		195480A06999E8B25DFEBFA2 /* DragSession.swift in Sources */ = {isa = PBXBuildFile; fileRef = 2AD67689C0B9FE1FA469C399 /* DragSession.swift */; };
		2172A68118565954CEE3E589 /* SystemMonitorFeature.swift in Sources */ = {isa = PBXBuildFile; fileRef = A21D078EE082B5722C2D2B29 /* SystemMonitorFeature.swift */; };
		26631641E79D48109EB14E78 /* Assets.xcassets in Resources */ = {isa = PBXBuildFile; fileRef = 69CCE4E74408B91B00D1CE00 /* Assets.xcassets */; };
		286F215E8831A0344D62077D /* AppDelegate.swift in Sources */ = {isa = PBXBuildFile; fileRef = DEA109DCBD303D912C0C256D /* AppDelegate.swift */; };
		30FD864030AE3EA6C9478B48 /* NotchExpandedView.swift in Sources */ = {isa = PBXBuildFile; fileRef = EE756F0AA1ADA997BF8186E4 /* NotchExpandedView.swift */; };
		349C0F54B8E4E5D139A7EAB6 /* GaugePillSnapshots.swift in Sources */ = {isa = PBXBuildFile; fileRef = C7DB84D3D526593E9918B079 /* GaugePillSnapshots.swift */; };
		35B9950815B5A629A9506A9C /* EventVM.swift in Sources */ = {isa = PBXBuildFile; fileRef = 6F15C234362B1F696258D424 /* EventVM.swift */; };
		382D85E0AE1EB2D3BD1A7C6E /* BTFeature.swift in Sources */ = {isa = PBXBuildFile; fileRef = D153BA554912F668AC5887CA /* BTFeature.swift */; };
		389F33FBC51179C10CBFD8A8 /* TimerViewSnapshots.swift in Sources */ = {isa = PBXBuildFile; fileRef = 75197809ED6A9E7CC86445BD /* TimerViewSnapshots.swift */; };
		390E77CC663939E1F72AB759 /* NotchTabBarSnapshots.swift in Sources */ = {isa = PBXBuildFile; fileRef = FB94675DE7AE9014D56A645B /* NotchTabBarSnapshots.swift */; };
		40376D104D4D8BFD69BA134D /* MediaRemoteBridge.swift in Sources */ = {isa = PBXBuildFile; fileRef = 5D9705394CEBEC362E7C42D2 /* MediaRemoteBridge.swift */; };
		513E97F3E39579F6C8CC364A /* LiveActivityStrip.swift in Sources */ = {isa = PBXBuildFile; fileRef = 7A5EB720D8D42405DE7F6F10 /* LiveActivityStrip.swift */; };
		51F5DC8A60F9A31A0F60D9FD /* TimerFeatureTests.swift in Sources */ = {isa = PBXBuildFile; fileRef = 681D16180B1B4DF163605087 /* TimerFeatureTests.swift */; };
		52F7BE5899E9B9BED6E4A3E7 /* NotchState.swift in Sources */ = {isa = PBXBuildFile; fileRef = 8947D82465DDF1474C3C2E4D /* NotchState.swift */; };
		551E7B961D39A3EFC0EBC7BD /* CalendarView.swift in Sources */ = {isa = PBXBuildFile; fileRef = 3F293D4B6E0C68019AAA9E33 /* CalendarView.swift */; };
		5735921B02AF0F53A22A2E7A /* TapCatcher.swift in Sources */ = {isa = PBXBuildFile; fileRef = FE2ADC19DBC393F59AF69C4A /* TapCatcher.swift */; };
		5A48F3EBB9F12FAB4DF284AB /* DropViewSnapshots.swift in Sources */ = {isa = PBXBuildFile; fileRef = 8E8D50074A898F05304A0532 /* DropViewSnapshots.swift */; };
		5C9D8706401C06F41C3B42CD /* DropView.swift in Sources */ = {isa = PBXBuildFile; fileRef = 87F074AAE64DB16A07192221 /* DropView.swift */; };
		5D6B9A13CA6B3BC91D023208 /* MediaFeatureTests.swift in Sources */ = {isa = PBXBuildFile; fileRef = D45A277B816298254CE708D9 /* MediaFeatureTests.swift */; };
		5FBDD83F85E67563BC230339 /* DropFeatureTests.swift in Sources */ = {isa = PBXBuildFile; fileRef = 63EABB2063931DFB30DAC6DB /* DropFeatureTests.swift */; };
		60DBF9B26104D42BBB9CCDDE /* CalendarFeature.swift in Sources */ = {isa = PBXBuildFile; fileRef = C392C6E5409579A1E5477CC7 /* CalendarFeature.swift */; };
		6143CACA5A6611792E9FA931 /* MirrorFeature.swift in Sources */ = {isa = PBXBuildFile; fileRef = 4D3E5FEACE7BC707A8AA10C8 /* MirrorFeature.swift */; };
		622ED93051501AD7FA938E32 /* ScreenGeometry.swift in Sources */ = {isa = PBXBuildFile; fileRef = 8C3D7AB1CDC0C20683D95BE7 /* ScreenGeometry.swift */; };
		77D1EDBBCA6AE49016C7EA3D /* AirPodsViewSnapshots.swift in Sources */ = {isa = PBXBuildFile; fileRef = 6B72C57C5C358F93B591E5A1 /* AirPodsViewSnapshots.swift */; };
		781ED9252B58782D95E47750 /* DropItem.swift in Sources */ = {isa = PBXBuildFile; fileRef = D601C50E08A7A66E52CBFCF4 /* DropItem.swift */; };
		811A8EC798FAF3DF30D4C712 /* TimerFeature.swift in Sources */ = {isa = PBXBuildFile; fileRef = E4B2176394FA4A39E56579A2 /* TimerFeature.swift */; };
		82CC0F4AE909CD17F25D7DD9 /* NotchHint.swift in Sources */ = {isa = PBXBuildFile; fileRef = ED727D1E09C7EBB1277E4711 /* NotchHint.swift */; };
		849A51251EE8815DCF7187BB /* SystemMonitorBridge.swift in Sources */ = {isa = PBXBuildFile; fileRef = AE253DEBEF1D9E40C4A71E01 /* SystemMonitorBridge.swift */; };
		87ECA559C8F8062620C9E9B1 /* NotchTabBar.swift in Sources */ = {isa = PBXBuildFile; fileRef = A1100CE891853DA1D6ECC5C9 /* NotchTabBar.swift */; };
		892BD16133C0CB804E94B701 /* HotZoneMonitor.swift in Sources */ = {isa = PBXBuildFile; fileRef = 1C3034B9AB977A1751561A17 /* HotZoneMonitor.swift */; };
		91D59D6E4197DBCDC78A951B /* BatteryReading.swift in Sources */ = {isa = PBXBuildFile; fileRef = BB75579F5D02B1886B70C9CD /* BatteryReading.swift */; };
		940AC4856FD3CD63E4BFD8B4 /* CalendarViewSnapshots.swift in Sources */ = {isa = PBXBuildFile; fileRef = F20F2178CBDA32615E6263FE /* CalendarViewSnapshots.swift */; };
		9C6DEF8F0D1B50794129A23A /* MediaControl in Resources */ = {isa = PBXBuildFile; fileRef = 8E72D4A2A3104EC93AF373FD /* MediaControl */; };
		9E1B8767990F873C8ADF23C5 /* DesignTokens.swift in Sources */ = {isa = PBXBuildFile; fileRef = B17D845897E3385277807C80 /* DesignTokens.swift */; };
		B410B694159C4D693BB0B4A5 /* NotchStateMachineTests.swift in Sources */ = {isa = PBXBuildFile; fileRef = F444436267456B4A7969E2BF /* NotchStateMachineTests.swift */; };
		B4E75597701A81337D41387E /* CalendarFeatureTests.swift in Sources */ = {isa = PBXBuildFile; fileRef = 854599C0C8ADAC528D1D0203 /* CalendarFeatureTests.swift */; };
		B7CDBB6E2E9399B453052CCE /* MediaViewSnapshots.swift in Sources */ = {isa = PBXBuildFile; fileRef = 3F1EF7FA9010FAC624C333ED /* MediaViewSnapshots.swift */; };
		BAE0142C3BCCC72B8D47B4AC /* EventKitBridge.swift in Sources */ = {isa = PBXBuildFile; fileRef = 9699EC56AAF3E5337015D132 /* EventKitBridge.swift */; };
		BB64406D197C5E4FD7F1143B /* NowPlayingVM.swift in Sources */ = {isa = PBXBuildFile; fileRef = 072CBDD5C0C479F642FA10B1 /* NowPlayingVM.swift */; };
		C2C75C7AF305D4241130A962 /* MediaFeature.swift in Sources */ = {isa = PBXBuildFile; fileRef = C5BF2C7B3BA24BABF10B7FEE /* MediaFeature.swift */; };
		CD0691F820505A12B0D49DDE /* TimerView.swift in Sources */ = {isa = PBXBuildFile; fileRef = A7BAA3AE68D1DC95427E890C /* TimerView.swift */; };
		D05424E64997786D698811A8 /* IOBluetoothBridge.swift in Sources */ = {isa = PBXBuildFile; fileRef = 48FD8A486D42757C51E8A01E /* IOBluetoothBridge.swift */; };
		D1C05531A9C6AC2992F02AD1 /* SnapshotTesting in Frameworks */ = {isa = PBXBuildFile; productRef = 697146552A7ABDF2F7002D2F /* SnapshotTesting */; };
		D4CCDBE2BB9605168AF1C05E /* GaugePill.swift in Sources */ = {isa = PBXBuildFile; fileRef = 4E514DAF1C7F9A3CE0B92B17 /* GaugePill.swift */; };
		D75585D988EBF9575F091BE8 /* Placeholder.swift in Sources */ = {isa = PBXBuildFile; fileRef = 5A477BB9F4F3C4290E5196ED /* Placeholder.swift */; };
		D810728D8C29AB9C479A9B94 /* SystemMonitorTests.swift in Sources */ = {isa = PBXBuildFile; fileRef = E3442410EB733AC1751A9511 /* SystemMonitorTests.swift */; };
		D8D69AB95F6081DCC87FF4F3 /* SettingsView.swift in Sources */ = {isa = PBXBuildFile; fileRef = 9100CBB2EF123484F00E26CF /* SettingsView.swift */; };
		DB3BC1673D33C876EDD8ADD3 /* NotchyApp.swift in Sources */ = {isa = PBXBuildFile; fileRef = EEC3E0563BD6694DA94F039A /* NotchyApp.swift */; };
		E4A897D208DAB56EE74569EE /* BatteryReadingTests.swift in Sources */ = {isa = PBXBuildFile; fileRef = B8D73E5D88FE0299E1D90ABC /* BatteryReadingTests.swift */; };
		E5DD01A00973F5BE7459D7DB /* NotchWindowController.swift in Sources */ = {isa = PBXBuildFile; fileRef = 03CF68BED545BCBB3A8822B0 /* NotchWindowController.swift */; };
		EBB565BFDB9DD4B035BA2677 /* MirrorView.swift in Sources */ = {isa = PBXBuildFile; fileRef = 502A1D39A74B73C64CB48E2A /* MirrorView.swift */; };
		F29841C20EF81367D1331F67 /* ScreenGeometryTests.swift in Sources */ = {isa = PBXBuildFile; fileRef = EB210D67BB9058034F788290 /* ScreenGeometryTests.swift */; };
		F5144B2A34BE3536C844C2C9 /* DashboardView.swift in Sources */ = {isa = PBXBuildFile; fileRef = D689D273D37007ED622990E1 /* DashboardView.swift */; };
		FB8A981216B67649B07A7D4A /* Placeholder.swift in Sources */ = {isa = PBXBuildFile; fileRef = 27C48864F05F8FB04487850E /* Placeholder.swift */; };
/* End PBXBuildFile section */

/* Begin PBXContainerItemProxy section */
		BA1E5E2E78E258B6A7899B20 /* PBXContainerItemProxy */ = {
			isa = PBXContainerItemProxy;
			containerPortal = 3BF116DDD3CDA0BF72E9B072 /* Project object */;
			proxyType = 1;
			remoteGlobalIDString = 5A8251456383764DDDD7693B;
			remoteInfo = Notchy;
		};
		BCE51BC2006DA4EA25F0F150 /* PBXContainerItemProxy */ = {
			isa = PBXContainerItemProxy;
			containerPortal = 3BF116DDD3CDA0BF72E9B072 /* Project object */;
			proxyType = 1;
			remoteGlobalIDString = 5A8251456383764DDDD7693B;
			remoteInfo = Notchy;
		};
/* End PBXContainerItemProxy section */

/* Begin PBXFileReference section */
		03CF68BED545BCBB3A8822B0 /* NotchWindowController.swift */ = {isa = PBXFileReference; lastKnownFileType = sourcecode.swift; path = NotchWindowController.swift; sourceTree = "<group>"; };
		072CBDD5C0C479F642FA10B1 /* NowPlayingVM.swift */ = {isa = PBXFileReference; lastKnownFileType = sourcecode.swift; path = NowPlayingVM.swift; sourceTree = "<group>"; };
		1A423F8D9BB22E46CA097007 /* NotchySnapshotTests.xctest */ = {isa = PBXFileReference; explicitFileType = wrapper.cfbundle; includeInIndex = 0; path = NotchySnapshotTests.xctest; sourceTree = BUILT_PRODUCTS_DIR; };
		1C3034B9AB977A1751561A17 /* HotZoneMonitor.swift */ = {isa = PBXFileReference; lastKnownFileType = sourcecode.swift; path = HotZoneMonitor.swift; sourceTree = "<group>"; };
		2110AAECFFF10B27041EF2B3 /* NotchyTests.xctest */ = {isa = PBXFileReference; explicitFileType = wrapper.cfbundle; includeInIndex = 0; path = NotchyTests.xctest; sourceTree = BUILT_PRODUCTS_DIR; };
		27C48864F05F8FB04487850E /* Placeholder.swift */ = {isa = PBXFileReference; lastKnownFileType = sourcecode.swift; path = Placeholder.swift; sourceTree = "<group>"; };
		2A27399F0C16B05551598DF9 /* Notchy.app */ = {isa = PBXFileReference; explicitFileType = wrapper.application; includeInIndex = 0; path = Notchy.app; sourceTree = BUILT_PRODUCTS_DIR; };
		2AD67689C0B9FE1FA469C399 /* DragSession.swift */ = {isa = PBXFileReference; lastKnownFileType = sourcecode.swift; path = DragSession.swift; sourceTree = "<group>"; };
		3E25FC2C84830F4ECAEA0991 /* Notchy.entitlements */ = {isa = PBXFileReference; lastKnownFileType = text.plist.entitlements; path = Notchy.entitlements; sourceTree = "<group>"; };
		3F1EF7FA9010FAC624C333ED /* MediaViewSnapshots.swift */ = {isa = PBXFileReference; lastKnownFileType = sourcecode.swift; path = MediaViewSnapshots.swift; sourceTree = "<group>"; };
		3F293D4B6E0C68019AAA9E33 /* CalendarView.swift */ = {isa = PBXFileReference; lastKnownFileType = sourcecode.swift; path = CalendarView.swift; sourceTree = "<group>"; };
		48FD8A486D42757C51E8A01E /* IOBluetoothBridge.swift */ = {isa = PBXFileReference; lastKnownFileType = sourcecode.swift; path = IOBluetoothBridge.swift; sourceTree = "<group>"; };
		4D3E5FEACE7BC707A8AA10C8 /* MirrorFeature.swift */ = {isa = PBXFileReference; lastKnownFileType = sourcecode.swift; path = MirrorFeature.swift; sourceTree = "<group>"; };
		4E514DAF1C7F9A3CE0B92B17 /* GaugePill.swift */ = {isa = PBXFileReference; lastKnownFileType = sourcecode.swift; path = GaugePill.swift; sourceTree = "<group>"; };
		502A1D39A74B73C64CB48E2A /* MirrorView.swift */ = {isa = PBXFileReference; lastKnownFileType = sourcecode.swift; path = MirrorView.swift; sourceTree = "<group>"; };
		567B2D36795AD1D1E87789A1 /* Info.plist */ = {isa = PBXFileReference; lastKnownFileType = text.plist; path = Info.plist; sourceTree = "<group>"; };
		5A477BB9F4F3C4290E5196ED /* Placeholder.swift */ = {isa = PBXFileReference; lastKnownFileType = sourcecode.swift; path = Placeholder.swift; sourceTree = "<group>"; };
		5D9705394CEBEC362E7C42D2 /* MediaRemoteBridge.swift */ = {isa = PBXFileReference; lastKnownFileType = sourcecode.swift; path = MediaRemoteBridge.swift; sourceTree = "<group>"; };
		5EBC17BE3C8BA0AA132DA193 /* DropFeature.swift */ = {isa = PBXFileReference; lastKnownFileType = sourcecode.swift; path = DropFeature.swift; sourceTree = "<group>"; };
		63EABB2063931DFB30DAC6DB /* DropFeatureTests.swift */ = {isa = PBXFileReference; lastKnownFileType = sourcecode.swift; path = DropFeatureTests.swift; sourceTree = "<group>"; };
		6633BDBED265ECF9E7B5D9E0 /* NotchShell.swift */ = {isa = PBXFileReference; lastKnownFileType = sourcecode.swift; path = NotchShell.swift; sourceTree = "<group>"; };
		681D16180B1B4DF163605087 /* TimerFeatureTests.swift */ = {isa = PBXFileReference; lastKnownFileType = sourcecode.swift; path = TimerFeatureTests.swift; sourceTree = "<group>"; };
		69CCE4E74408B91B00D1CE00 /* Assets.xcassets */ = {isa = PBXFileReference; lastKnownFileType = folder.assetcatalog; path = Assets.xcassets; sourceTree = "<group>"; };
		6B72C57C5C358F93B591E5A1 /* AirPodsViewSnapshots.swift */ = {isa = PBXFileReference; lastKnownFileType = sourcecode.swift; path = AirPodsViewSnapshots.swift; sourceTree = "<group>"; };
		6F15C234362B1F696258D424 /* EventVM.swift */ = {isa = PBXFileReference; lastKnownFileType = sourcecode.swift; path = EventVM.swift; sourceTree = "<group>"; };
		75197809ED6A9E7CC86445BD /* TimerViewSnapshots.swift */ = {isa = PBXFileReference; lastKnownFileType = sourcecode.swift; path = TimerViewSnapshots.swift; sourceTree = "<group>"; };
		78ACFB47B00A482E040584F8 /* Data+Append.swift */ = {isa = PBXFileReference; lastKnownFileType = sourcecode.swift; path = "Data+Append.swift"; sourceTree = "<group>"; };
		7A5EB720D8D42405DE7F6F10 /* LiveActivityStrip.swift */ = {isa = PBXFileReference; lastKnownFileType = sourcecode.swift; path = LiveActivityStrip.swift; sourceTree = "<group>"; };
		854599C0C8ADAC528D1D0203 /* CalendarFeatureTests.swift */ = {isa = PBXFileReference; lastKnownFileType = sourcecode.swift; path = CalendarFeatureTests.swift; sourceTree = "<group>"; };
		87F074AAE64DB16A07192221 /* DropView.swift */ = {isa = PBXFileReference; lastKnownFileType = sourcecode.swift; path = DropView.swift; sourceTree = "<group>"; };
		8947D82465DDF1474C3C2E4D /* NotchState.swift */ = {isa = PBXFileReference; lastKnownFileType = sourcecode.swift; path = NotchState.swift; sourceTree = "<group>"; };
		8C3D7AB1CDC0C20683D95BE7 /* ScreenGeometry.swift */ = {isa = PBXFileReference; lastKnownFileType = sourcecode.swift; path = ScreenGeometry.swift; sourceTree = "<group>"; };
		8E72D4A2A3104EC93AF373FD /* MediaControl */ = {isa = PBXFileReference; lastKnownFileType = folder; name = MediaControl; path = Notchy/Resources/MediaControl; sourceTree = SOURCE_ROOT; };
		8E8D50074A898F05304A0532 /* DropViewSnapshots.swift */ = {isa = PBXFileReference; lastKnownFileType = sourcecode.swift; path = DropViewSnapshots.swift; sourceTree = "<group>"; };
		8EB110EA11D24C6907762BAF /* AirPodsView.swift */ = {isa = PBXFileReference; lastKnownFileType = sourcecode.swift; path = AirPodsView.swift; sourceTree = "<group>"; };
		8F31F61FC708402DBDC105B1 /* SnapshotHosting.swift */ = {isa = PBXFileReference; lastKnownFileType = sourcecode.swift; path = SnapshotHosting.swift; sourceTree = "<group>"; };
		8F8A432C63FD5F5D5741DD0E /* NotchIntent.swift */ = {isa = PBXFileReference; lastKnownFileType = sourcecode.swift; path = NotchIntent.swift; sourceTree = "<group>"; };
		9100CBB2EF123484F00E26CF /* SettingsView.swift */ = {isa = PBXFileReference; lastKnownFileType = sourcecode.swift; path = SettingsView.swift; sourceTree = "<group>"; };
		9699EC56AAF3E5337015D132 /* EventKitBridge.swift */ = {isa = PBXFileReference; lastKnownFileType = sourcecode.swift; path = EventKitBridge.swift; sourceTree = "<group>"; };
		987883E6E877E89AC16FBF27 /* MediaRemoteBridgeTests.swift */ = {isa = PBXFileReference; lastKnownFileType = sourcecode.swift; path = MediaRemoteBridgeTests.swift; sourceTree = "<group>"; };
		A1100CE891853DA1D6ECC5C9 /* NotchTabBar.swift */ = {isa = PBXFileReference; lastKnownFileType = sourcecode.swift; path = NotchTabBar.swift; sourceTree = "<group>"; };
		A21D078EE082B5722C2D2B29 /* SystemMonitorFeature.swift */ = {isa = PBXFileReference; lastKnownFileType = sourcecode.swift; path = SystemMonitorFeature.swift; sourceTree = "<group>"; };
		A7BAA3AE68D1DC95427E890C /* TimerView.swift */ = {isa = PBXFileReference; lastKnownFileType = sourcecode.swift; path = TimerView.swift; sourceTree = "<group>"; };
		AE253DEBEF1D9E40C4A71E01 /* SystemMonitorBridge.swift */ = {isa = PBXFileReference; lastKnownFileType = sourcecode.swift; path = SystemMonitorBridge.swift; sourceTree = "<group>"; };
		B17D845897E3385277807C80 /* DesignTokens.swift */ = {isa = PBXFileReference; lastKnownFileType = sourcecode.swift; path = DesignTokens.swift; sourceTree = "<group>"; };
		B8D73E5D88FE0299E1D90ABC /* BatteryReadingTests.swift */ = {isa = PBXFileReference; lastKnownFileType = sourcecode.swift; path = BatteryReadingTests.swift; sourceTree = "<group>"; };
		B9A8751CBEB8419A976C9866 /* MediaView.swift */ = {isa = PBXFileReference; lastKnownFileType = sourcecode.swift; path = MediaView.swift; sourceTree = "<group>"; };
		BB75579F5D02B1886B70C9CD /* BatteryReading.swift */ = {isa = PBXFileReference; lastKnownFileType = sourcecode.swift; path = BatteryReading.swift; sourceTree = "<group>"; };
		C392C6E5409579A1E5477CC7 /* CalendarFeature.swift */ = {isa = PBXFileReference; lastKnownFileType = sourcecode.swift; path = CalendarFeature.swift; sourceTree = "<group>"; };
		C5BF2C7B3BA24BABF10B7FEE /* MediaFeature.swift */ = {isa = PBXFileReference; lastKnownFileType = sourcecode.swift; path = MediaFeature.swift; sourceTree = "<group>"; };
		C7DB84D3D526593E9918B079 /* GaugePillSnapshots.swift */ = {isa = PBXFileReference; lastKnownFileType = sourcecode.swift; path = GaugePillSnapshots.swift; sourceTree = "<group>"; };
		D122AD1F4DC763CB8C4850EF /* NotchStateMachine.swift */ = {isa = PBXFileReference; lastKnownFileType = sourcecode.swift; path = NotchStateMachine.swift; sourceTree = "<group>"; };
		D153BA554912F668AC5887CA /* BTFeature.swift */ = {isa = PBXFileReference; lastKnownFileType = sourcecode.swift; path = BTFeature.swift; sourceTree = "<group>"; };
		D45A277B816298254CE708D9 /* MediaFeatureTests.swift */ = {isa = PBXFileReference; lastKnownFileType = sourcecode.swift; path = MediaFeatureTests.swift; sourceTree = "<group>"; };
		D601C50E08A7A66E52CBFCF4 /* DropItem.swift */ = {isa = PBXFileReference; lastKnownFileType = sourcecode.swift; path = DropItem.swift; sourceTree = "<group>"; };
		D689D273D37007ED622990E1 /* DashboardView.swift */ = {isa = PBXFileReference; lastKnownFileType = sourcecode.swift; path = DashboardView.swift; sourceTree = "<group>"; };
		DEA109DCBD303D912C0C256D /* AppDelegate.swift */ = {isa = PBXFileReference; lastKnownFileType = sourcecode.swift; path = AppDelegate.swift; sourceTree = "<group>"; };
		E3442410EB733AC1751A9511 /* SystemMonitorTests.swift */ = {isa = PBXFileReference; lastKnownFileType = sourcecode.swift; path = SystemMonitorTests.swift; sourceTree = "<group>"; };
		E4B2176394FA4A39E56579A2 /* TimerFeature.swift */ = {isa = PBXFileReference; lastKnownFileType = sourcecode.swift; path = TimerFeature.swift; sourceTree = "<group>"; };
		EB210D67BB9058034F788290 /* ScreenGeometryTests.swift */ = {isa = PBXFileReference; lastKnownFileType = sourcecode.swift; path = ScreenGeometryTests.swift; sourceTree = "<group>"; };
		ED727D1E09C7EBB1277E4711 /* NotchHint.swift */ = {isa = PBXFileReference; lastKnownFileType = sourcecode.swift; path = NotchHint.swift; sourceTree = "<group>"; };
		EE756F0AA1ADA997BF8186E4 /* NotchExpandedView.swift */ = {isa = PBXFileReference; lastKnownFileType = sourcecode.swift; path = NotchExpandedView.swift; sourceTree = "<group>"; };
		EEC3E0563BD6694DA94F039A /* NotchyApp.swift */ = {isa = PBXFileReference; lastKnownFileType = sourcecode.swift; path = NotchyApp.swift; sourceTree = "<group>"; };
		F20F2178CBDA32615E6263FE /* CalendarViewSnapshots.swift */ = {isa = PBXFileReference; lastKnownFileType = sourcecode.swift; path = CalendarViewSnapshots.swift; sourceTree = "<group>"; };
		F444436267456B4A7969E2BF /* NotchStateMachineTests.swift */ = {isa = PBXFileReference; lastKnownFileType = sourcecode.swift; path = NotchStateMachineTests.swift; sourceTree = "<group>"; };
		FB94675DE7AE9014D56A645B /* NotchTabBarSnapshots.swift */ = {isa = PBXFileReference; lastKnownFileType = sourcecode.swift; path = NotchTabBarSnapshots.swift; sourceTree = "<group>"; };
		FE2ADC19DBC393F59AF69C4A /* TapCatcher.swift */ = {isa = PBXFileReference; lastKnownFileType = sourcecode.swift; path = TapCatcher.swift; sourceTree = "<group>"; };
/* End PBXFileReference section */

/* Begin PBXFrameworksBuildPhase section */
		8CAE46287C2513493C2E2D54 /* Frameworks */ = {
			isa = PBXFrameworksBuildPhase;
			buildActionMask = 2147483647;
			files = (
				D1C05531A9C6AC2992F02AD1 /* SnapshotTesting in Frameworks */,
			);
			runOnlyForDeploymentPostprocessing = 0;
		};
/* End PBXFrameworksBuildPhase section */

/* Begin PBXGroup section */
		1E602BF86FB6C687744FA081 /* App */ = {
			isa = PBXGroup;
			children = (
				DEA109DCBD303D912C0C256D /* AppDelegate.swift */,
				03CF68BED545BCBB3A8822B0 /* NotchWindowController.swift */,
			);
			path = App;
			sourceTree = "<group>";
		};
		2135213ACED6312E4D7643C4 /* Media */ = {
			isa = PBXGroup;
			children = (
				C5BF2C7B3BA24BABF10B7FEE /* MediaFeature.swift */,
				B9A8751CBEB8419A976C9866 /* MediaView.swift */,
				072CBDD5C0C479F642FA10B1 /* NowPlayingVM.swift */,
			);
			path = Media;
			sourceTree = "<group>";
		};
		271D7F760B84B33810FEA1EB /* Drop */ = {
			isa = PBXGroup;
			children = (
				5EBC17BE3C8BA0AA132DA193 /* DropFeature.swift */,
				D601C50E08A7A66E52CBFCF4 /* DropItem.swift */,
				87F074AAE64DB16A07192221 /* DropView.swift */,
			);
			path = Drop;
			sourceTree = "<group>";
		};
		2ADA50C611AD3FB3E2051791 /* Resources */ = {
			isa = PBXGroup;
			children = (
				8E72D4A2A3104EC93AF373FD /* MediaControl */,
			);
			path = Resources;
			sourceTree = "<group>";
		};
		2C4F5505CACC63DD81CA3EAF /* State */ = {
			isa = PBXGroup;
			children = (
				8F8A432C63FD5F5D5741DD0E /* NotchIntent.swift */,
				8947D82465DDF1474C3C2E4D /* NotchState.swift */,
				D122AD1F4DC763CB8C4850EF /* NotchStateMachine.swift */,
			);
			path = State;
			sourceTree = "<group>";
		};
		321CEC731CBA72C72536F09F /* NotchyTests */ = {
			isa = PBXGroup;
			children = (
				B8D73E5D88FE0299E1D90ABC /* BatteryReadingTests.swift */,
				854599C0C8ADAC528D1D0203 /* CalendarFeatureTests.swift */,
				63EABB2063931DFB30DAC6DB /* DropFeatureTests.swift */,
				D45A277B816298254CE708D9 /* MediaFeatureTests.swift */,
				987883E6E877E89AC16FBF27 /* MediaRemoteBridgeTests.swift */,
				F444436267456B4A7969E2BF /* NotchStateMachineTests.swift */,
				5A477BB9F4F3C4290E5196ED /* Placeholder.swift */,
				EB210D67BB9058034F788290 /* ScreenGeometryTests.swift */,
				E3442410EB733AC1751A9511 /* SystemMonitorTests.swift */,
				681D16180B1B4DF163605087 /* TimerFeatureTests.swift */,
			);
			path = NotchyTests;
			sourceTree = "<group>";
		};
		36ADBBC3FC84399756C07446 /* Calendar */ = {
			isa = PBXGroup;
			children = (
				C392C6E5409579A1E5477CC7 /* CalendarFeature.swift */,
				3F293D4B6E0C68019AAA9E33 /* CalendarView.swift */,
				6F15C234362B1F696258D424 /* EventVM.swift */,
			);
			path = Calendar;
			sourceTree = "<group>";
		};
		514B170601E05FFED71CEE19 /* Timer */ = {
			isa = PBXGroup;
			children = (
				E4B2176394FA4A39E56579A2 /* TimerFeature.swift */,
				A7BAA3AE68D1DC95427E890C /* TimerView.swift */,
			);
			path = Timer;
			sourceTree = "<group>";
		};
		57C0DE170022192A4163EEA0 /* Mirror */ = {
			isa = PBXGroup;
			children = (
				78ACFB47B00A482E040584F8 /* Data+Append.swift */,
				4D3E5FEACE7BC707A8AA10C8 /* MirrorFeature.swift */,
				502A1D39A74B73C64CB48E2A /* MirrorView.swift */,
			);
			path = Mirror;
			sourceTree = "<group>";
		};
		69FCE517551DB9C1EA705209 /* NotchySnapshotTests */ = {
			isa = PBXGroup;
			children = (
				6B72C57C5C358F93B591E5A1 /* AirPodsViewSnapshots.swift */,
				F20F2178CBDA32615E6263FE /* CalendarViewSnapshots.swift */,
				8E8D50074A898F05304A0532 /* DropViewSnapshots.swift */,
				C7DB84D3D526593E9918B079 /* GaugePillSnapshots.swift */,
				3F1EF7FA9010FAC624C333ED /* MediaViewSnapshots.swift */,
				FB94675DE7AE9014D56A645B /* NotchTabBarSnapshots.swift */,
				27C48864F05F8FB04487850E /* Placeholder.swift */,
				8F31F61FC708402DBDC105B1 /* SnapshotHosting.swift */,
				75197809ED6A9E7CC86445BD /* TimerViewSnapshots.swift */,
			);
			path = NotchySnapshotTests;
			sourceTree = "<group>";
		};
		70635849FAB5CD4211B8F25D /* System */ = {
			isa = PBXGroup;
			children = (
				2AD67689C0B9FE1FA469C399 /* DragSession.swift */,
				9699EC56AAF3E5337015D132 /* EventKitBridge.swift */,
				1C3034B9AB977A1751561A17 /* HotZoneMonitor.swift */,
				48FD8A486D42757C51E8A01E /* IOBluetoothBridge.swift */,
				5D9705394CEBEC362E7C42D2 /* MediaRemoteBridge.swift */,
				8C3D7AB1CDC0C20683D95BE7 /* ScreenGeometry.swift */,
				AE253DEBEF1D9E40C4A71E01 /* SystemMonitorBridge.swift */,
			);
			path = System;
			sourceTree = "<group>";
		};
		8E8491B3A385E984296E8EFF /* Dashboard */ = {
			isa = PBXGroup;
			children = (
				D689D273D37007ED622990E1 /* DashboardView.swift */,
			);
			path = Dashboard;
			sourceTree = "<group>";
		};
		96F0B6EFED0588E33C8DCF4A /* Features */ = {
			isa = PBXGroup;
			children = (
				ADF40D5E94924170E55495A6 /* AirPods */,
				36ADBBC3FC84399756C07446 /* Calendar */,
				8E8491B3A385E984296E8EFF /* Dashboard */,
				271D7F760B84B33810FEA1EB /* Drop */,
				2135213ACED6312E4D7643C4 /* Media */,
				57C0DE170022192A4163EEA0 /* Mirror */,
				F93B4A6AA7F28C96B503640E /* SystemMonitor */,
				514B170601E05FFED71CEE19 /* Timer */,
			);
			path = Features;
			sourceTree = "<group>";
		};
		A13FABD741219299261761DC /* Notchy */ = {
			isa = PBXGroup;
			children = (
				69CCE4E74408B91B00D1CE00 /* Assets.xcassets */,
				567B2D36795AD1D1E87789A1 /* Info.plist */,
				3E25FC2C84830F4ECAEA0991 /* Notchy.entitlements */,
				EEC3E0563BD6694DA94F039A /* NotchyApp.swift */,
				1E602BF86FB6C687744FA081 /* App */,
				96F0B6EFED0588E33C8DCF4A /* Features */,
				2ADA50C611AD3FB3E2051791 /* Resources */,
				CCEF6C65B9FBA0C60AF15BAB /* Settings */,
				2C4F5505CACC63DD81CA3EAF /* State */,
				70635849FAB5CD4211B8F25D /* System */,
				A58AD8C727CA45E9FA6BD3E2 /* UI */,
			);
			path = Notchy;
			sourceTree = "<group>";
		};
		A58AD8C727CA45E9FA6BD3E2 /* UI */ = {
			isa = PBXGroup;
			children = (
				B17D845897E3385277807C80 /* DesignTokens.swift */,
				7A5EB720D8D42405DE7F6F10 /* LiveActivityStrip.swift */,
				EE756F0AA1ADA997BF8186E4 /* NotchExpandedView.swift */,
				ED727D1E09C7EBB1277E4711 /* NotchHint.swift */,
				6633BDBED265ECF9E7B5D9E0 /* NotchShell.swift */,
				A1100CE891853DA1D6ECC5C9 /* NotchTabBar.swift */,
				FE2ADC19DBC393F59AF69C4A /* TapCatcher.swift */,
			);
			path = UI;
			sourceTree = "<group>";
		};
		ADF40D5E94924170E55495A6 /* AirPods */ = {
			isa = PBXGroup;
			children = (
				8EB110EA11D24C6907762BAF /* AirPodsView.swift */,
				BB75579F5D02B1886B70C9CD /* BatteryReading.swift */,
				D153BA554912F668AC5887CA /* BTFeature.swift */,
			);
			path = AirPods;
			sourceTree = "<group>";
		};
		B3AC2667286CC3E381EC4520 = {
			isa = PBXGroup;
			children = (
				A13FABD741219299261761DC /* Notchy */,
				69FCE517551DB9C1EA705209 /* NotchySnapshotTests */,
				321CEC731CBA72C72536F09F /* NotchyTests */,
				DC9A645B529A200D5DD6C9D7 /* Products */,
			);
			sourceTree = "<group>";
		};
		CCEF6C65B9FBA0C60AF15BAB /* Settings */ = {
			isa = PBXGroup;
			children = (
				9100CBB2EF123484F00E26CF /* SettingsView.swift */,
			);
			path = Settings;
			sourceTree = "<group>";
		};
		DC9A645B529A200D5DD6C9D7 /* Products */ = {
			isa = PBXGroup;
			children = (
				2A27399F0C16B05551598DF9 /* Notchy.app */,
				1A423F8D9BB22E46CA097007 /* NotchySnapshotTests.xctest */,
				2110AAECFFF10B27041EF2B3 /* NotchyTests.xctest */,
			);
			name = Products;
			sourceTree = "<group>";
		};
		F93B4A6AA7F28C96B503640E /* SystemMonitor */ = {
			isa = PBXGroup;
			children = (
				4E514DAF1C7F9A3CE0B92B17 /* GaugePill.swift */,
				A21D078EE082B5722C2D2B29 /* SystemMonitorFeature.swift */,
			);
			path = SystemMonitor;
			sourceTree = "<group>";
		};
/* End PBXGroup section */

/* Begin PBXNativeTarget section */
		21027EA330F334EB900D1A73 /* NotchyTests */ = {
			isa = PBXNativeTarget;
			buildConfigurationList = 193E61FAC2501DFAE7647449 /* Build configuration list for PBXNativeTarget "NotchyTests" */;
			buildPhases = (
				F0346CC501BA667DB10663E2 /* Sources */,
			);
			buildRules = (
			);
			dependencies = (
				888A7F5579A0770AEDA1A65A /* PBXTargetDependency */,
			);
			name = NotchyTests;
			packageProductDependencies = (
			);
			productName = NotchyTests;
			productReference = 2110AAECFFF10B27041EF2B3 /* NotchyTests.xctest */;
			productType = "com.apple.product-type.bundle.unit-test";
		};
		5A8251456383764DDDD7693B /* Notchy */ = {
			isa = PBXNativeTarget;
			buildConfigurationList = C5AB07D6BCD80C799B426D1D /* Build configuration list for PBXNativeTarget "Notchy" */;
			buildPhases = (
				CB698B097666DA24EA8DD260 /* Sources */,
				11FA6346DA1A737CC5AD49EB /* Resources */,
			);
			buildRules = (
			);
			dependencies = (
			);
			name = Notchy;
			packageProductDependencies = (
			);
			productName = Notchy;
			productReference = 2A27399F0C16B05551598DF9 /* Notchy.app */;
			productType = "com.apple.product-type.application";
		};
		992D0D63C7B4C5A8970FE195 /* NotchySnapshotTests */ = {
			isa = PBXNativeTarget;
			buildConfigurationList = 15CDB06B7363769D0AA337C9 /* Build configuration list for PBXNativeTarget "NotchySnapshotTests" */;
			buildPhases = (
				8AB09AA3FDE5BB7F9273726E /* Sources */,
				8CAE46287C2513493C2E2D54 /* Frameworks */,
			);
			buildRules = (
			);
			dependencies = (
				7DE8836F39F0B69411F3D688 /* PBXTargetDependency */,
			);
			name = NotchySnapshotTests;
			packageProductDependencies = (
				697146552A7ABDF2F7002D2F /* SnapshotTesting */,
			);
			productName = NotchySnapshotTests;
			productReference = 1A423F8D9BB22E46CA097007 /* NotchySnapshotTests.xctest */;
			productType = "com.apple.product-type.bundle.unit-test";
		};
/* End PBXNativeTarget section */

/* Begin PBXProject section */
		3BF116DDD3CDA0BF72E9B072 /* Project object */ = {
			isa = PBXProject;
			attributes = {
				BuildIndependentTargetsInParallel = YES;
				LastUpgradeCheck = 1430;
				TargetAttributes = {
					21027EA330F334EB900D1A73 = {
						ProvisioningStyle = Automatic;
					};
					5A8251456383764DDDD7693B = {
						ProvisioningStyle = Automatic;
					};
					992D0D63C7B4C5A8970FE195 = {
						ProvisioningStyle = Automatic;
					};
				};
			};
			buildConfigurationList = F244AE196A3E745C40F902F1 /* Build configuration list for PBXProject "Notchy" */;
			developmentRegion = en;
			hasScannedForEncodings = 0;
			knownRegions = (
				Base,
				en,
			);
			mainGroup = B3AC2667286CC3E381EC4520;
			minimizedProjectReferenceProxies = 1;
			packageReferences = (
				0A24E88C1480D1B61A0ABC4D /* XCRemoteSwiftPackageReference "swift-snapshot-testing" */,
			);
			preferredProjectObjectVersion = 77;
			productRefGroup = DC9A645B529A200D5DD6C9D7 /* Products */;
			projectDirPath = "";
			projectRoot = "";
			targets = (
				5A8251456383764DDDD7693B /* Notchy */,
				992D0D63C7B4C5A8970FE195 /* NotchySnapshotTests */,
				21027EA330F334EB900D1A73 /* NotchyTests */,
			);
		};
/* End PBXProject section */

/* Begin PBXResourcesBuildPhase section */
		11FA6346DA1A737CC5AD49EB /* Resources */ = {
			isa = PBXResourcesBuildPhase;
			buildActionMask = 2147483647;
			files = (
				26631641E79D48109EB14E78 /* Assets.xcassets in Resources */,
				9C6DEF8F0D1B50794129A23A /* MediaControl in Resources */,
			);
			runOnlyForDeploymentPostprocessing = 0;
		};
/* End PBXResourcesBuildPhase section */

/* Begin PBXSourcesBuildPhase section */
		8AB09AA3FDE5BB7F9273726E /* Sources */ = {
			isa = PBXSourcesBuildPhase;
			buildActionMask = 2147483647;
			files = (
				77D1EDBBCA6AE49016C7EA3D /* AirPodsViewSnapshots.swift in Sources */,
				940AC4856FD3CD63E4BFD8B4 /* CalendarViewSnapshots.swift in Sources */,
				5A48F3EBB9F12FAB4DF284AB /* DropViewSnapshots.swift in Sources */,
				349C0F54B8E4E5D139A7EAB6 /* GaugePillSnapshots.swift in Sources */,
				B7CDBB6E2E9399B453052CCE /* MediaViewSnapshots.swift in Sources */,
				390E77CC663939E1F72AB759 /* NotchTabBarSnapshots.swift in Sources */,
				FB8A981216B67649B07A7D4A /* Placeholder.swift in Sources */,
				07793ECBED4BA6325FC499EE /* SnapshotHosting.swift in Sources */,
				389F33FBC51179C10CBFD8A8 /* TimerViewSnapshots.swift in Sources */,
			);
			runOnlyForDeploymentPostprocessing = 0;
		};
		CB698B097666DA24EA8DD260 /* Sources */ = {
			isa = PBXSourcesBuildPhase;
			buildActionMask = 2147483647;
			files = (
				042B349F5799C3F7CF15EA99 /* AirPodsView.swift in Sources */,
				286F215E8831A0344D62077D /* AppDelegate.swift in Sources */,
				382D85E0AE1EB2D3BD1A7C6E /* BTFeature.swift in Sources */,
				91D59D6E4197DBCDC78A951B /* BatteryReading.swift in Sources */,
				60DBF9B26104D42BBB9CCDDE /* CalendarFeature.swift in Sources */,
				551E7B961D39A3EFC0EBC7BD /* CalendarView.swift in Sources */,
				F5144B2A34BE3536C844C2C9 /* DashboardView.swift in Sources */,
				0476813050891A01F9DFDF6B /* Data+Append.swift in Sources */,
				9E1B8767990F873C8ADF23C5 /* DesignTokens.swift in Sources */,
				195480A06999E8B25DFEBFA2 /* DragSession.swift in Sources */,
				181C49AA1DBBCA49D1328FED /* DropFeature.swift in Sources */,
				781ED9252B58782D95E47750 /* DropItem.swift in Sources */,
				5C9D8706401C06F41C3B42CD /* DropView.swift in Sources */,
				BAE0142C3BCCC72B8D47B4AC /* EventKitBridge.swift in Sources */,
				35B9950815B5A629A9506A9C /* EventVM.swift in Sources */,
				D4CCDBE2BB9605168AF1C05E /* GaugePill.swift in Sources */,
				892BD16133C0CB804E94B701 /* HotZoneMonitor.swift in Sources */,
				D05424E64997786D698811A8 /* IOBluetoothBridge.swift in Sources */,
				513E97F3E39579F6C8CC364A /* LiveActivityStrip.swift in Sources */,
				C2C75C7AF305D4241130A962 /* MediaFeature.swift in Sources */,
				40376D104D4D8BFD69BA134D /* MediaRemoteBridge.swift in Sources */,
				08A3041B1A964341B8937D7D /* MediaView.swift in Sources */,
				6143CACA5A6611792E9FA931 /* MirrorFeature.swift in Sources */,
				EBB565BFDB9DD4B035BA2677 /* MirrorView.swift in Sources */,
				30FD864030AE3EA6C9478B48 /* NotchExpandedView.swift in Sources */,
				82CC0F4AE909CD17F25D7DD9 /* NotchHint.swift in Sources */,
				06F29F064FA18C158A92DB97 /* NotchIntent.swift in Sources */,
				0570CCAF85C30825C4528D25 /* NotchShell.swift in Sources */,
				52F7BE5899E9B9BED6E4A3E7 /* NotchState.swift in Sources */,
				0A19675515A4620A0B528D24 /* NotchStateMachine.swift in Sources */,
				87ECA559C8F8062620C9E9B1 /* NotchTabBar.swift in Sources */,
				E5DD01A00973F5BE7459D7DB /* NotchWindowController.swift in Sources */,
				DB3BC1673D33C876EDD8ADD3 /* NotchyApp.swift in Sources */,
				BB64406D197C5E4FD7F1143B /* NowPlayingVM.swift in Sources */,
				622ED93051501AD7FA938E32 /* ScreenGeometry.swift in Sources */,
				D8D69AB95F6081DCC87FF4F3 /* SettingsView.swift in Sources */,
				849A51251EE8815DCF7187BB /* SystemMonitorBridge.swift in Sources */,
				2172A68118565954CEE3E589 /* SystemMonitorFeature.swift in Sources */,
				5735921B02AF0F53A22A2E7A /* TapCatcher.swift in Sources */,
				811A8EC798FAF3DF30D4C712 /* TimerFeature.swift in Sources */,
				CD0691F820505A12B0D49DDE /* TimerView.swift in Sources */,
			);
			runOnlyForDeploymentPostprocessing = 0;
		};
		F0346CC501BA667DB10663E2 /* Sources */ = {
			isa = PBXSourcesBuildPhase;
			buildActionMask = 2147483647;
			files = (
				E4A897D208DAB56EE74569EE /* BatteryReadingTests.swift in Sources */,
				B4E75597701A81337D41387E /* CalendarFeatureTests.swift in Sources */,
				5FBDD83F85E67563BC230339 /* DropFeatureTests.swift in Sources */,
				5D6B9A13CA6B3BC91D023208 /* MediaFeatureTests.swift in Sources */,
				0E614FC36B1E07D76EF6AF98 /* MediaRemoteBridgeTests.swift in Sources */,
				B410B694159C4D693BB0B4A5 /* NotchStateMachineTests.swift in Sources */,
				D75585D988EBF9575F091BE8 /* Placeholder.swift in Sources */,
				F29841C20EF81367D1331F67 /* ScreenGeometryTests.swift in Sources */,
				D810728D8C29AB9C479A9B94 /* SystemMonitorTests.swift in Sources */,
				51F5DC8A60F9A31A0F60D9FD /* TimerFeatureTests.swift in Sources */,
			);
			runOnlyForDeploymentPostprocessing = 0;
		};
/* End PBXSourcesBuildPhase section */

/* Begin PBXTargetDependency section */
		7DE8836F39F0B69411F3D688 /* PBXTargetDependency */ = {
			isa = PBXTargetDependency;
			target = 5A8251456383764DDDD7693B /* Notchy */;
			targetProxy = BCE51BC2006DA4EA25F0F150 /* PBXContainerItemProxy */;
		};
		888A7F5579A0770AEDA1A65A /* PBXTargetDependency */ = {
			isa = PBXTargetDependency;
			target = 5A8251456383764DDDD7693B /* Notchy */;
			targetProxy = BA1E5E2E78E258B6A7899B20 /* PBXContainerItemProxy */;
		};
/* End PBXTargetDependency section */

/* Begin XCBuildConfiguration section */
		3EA1FE33C94E9824DF88EBA1 /* Debug */ = {
			isa = XCBuildConfiguration;
			buildSettings = {
				ALWAYS_SEARCH_USER_PATHS = NO;
				CLANG_ANALYZER_NONNULL = YES;
				CLANG_ANALYZER_NUMBER_OBJECT_CONVERSION = YES_AGGRESSIVE;
				CLANG_CXX_LANGUAGE_STANDARD = "gnu++14";
				CLANG_CXX_LIBRARY = "libc++";
				CLANG_ENABLE_MODULES = YES;
				CLANG_ENABLE_OBJC_ARC = YES;
				CLANG_ENABLE_OBJC_WEAK = YES;
				CLANG_WARN_BLOCK_CAPTURE_AUTORELEASING = YES;
				CLANG_WARN_BOOL_CONVERSION = YES;
				CLANG_WARN_COMMA = YES;
				CLANG_WARN_CONSTANT_CONVERSION = YES;
				CLANG_WARN_DEPRECATED_OBJC_IMPLEMENTATIONS = YES;
				CLANG_WARN_DIRECT_OBJC_ISA_USAGE = YES_ERROR;
				CLANG_WARN_DOCUMENTATION_COMMENTS = YES;
				CLANG_WARN_EMPTY_BODY = YES;
				CLANG_WARN_ENUM_CONVERSION = YES;
				CLANG_WARN_INFINITE_RECURSION = YES;
				CLANG_WARN_INT_CONVERSION = YES;
				CLANG_WARN_NON_LITERAL_NULL_CONVERSION = YES;
				CLANG_WARN_OBJC_IMPLICIT_RETAIN_SELF = YES;
				CLANG_WARN_OBJC_LITERAL_CONVERSION = YES;
				CLANG_WARN_OBJC_ROOT_CLASS = YES_ERROR;
				CLANG_WARN_QUOTED_INCLUDE_IN_FRAMEWORK_HEADER = YES;
				CLANG_WARN_RANGE_LOOP_ANALYSIS = YES;
				CLANG_WARN_STRICT_PROTOTYPES = YES;
				CLANG_WARN_SUSPICIOUS_MOVE = YES;
				CLANG_WARN_UNGUARDED_AVAILABILITY = YES_AGGRESSIVE;
				CLANG_WARN_UNREACHABLE_CODE = YES;
				CLANG_WARN__DUPLICATE_METHOD_MATCH = YES;
				CODE_SIGN_STYLE = Automatic;
				COPY_PHASE_STRIP = NO;
				CURRENT_PROJECT_VERSION = 1;
				DEBUG_INFORMATION_FORMAT = dwarf;
				ENABLE_HARDENED_RUNTIME = YES;
				ENABLE_STRICT_OBJC_MSGSEND = YES;
				ENABLE_TESTABILITY = YES;
				GCC_C_LANGUAGE_STANDARD = gnu11;
				GCC_DYNAMIC_NO_PIC = NO;
				GCC_NO_COMMON_BLOCKS = YES;
				GCC_OPTIMIZATION_LEVEL = 0;
				GCC_PREPROCESSOR_DEFINITIONS = (
					"$(inherited)",
					"DEBUG=1",
				);
				GCC_WARN_64_TO_32_BIT_CONVERSION = YES;
				GCC_WARN_ABOUT_RETURN_TYPE = YES_ERROR;
				GCC_WARN_UNDECLARED_SELECTOR = YES;
				GCC_WARN_UNINITIALIZED_AUTOS = YES_AGGRESSIVE;
				GCC_WARN_UNUSED_FUNCTION = YES;
				GCC_WARN_UNUSED_VARIABLE = YES;
				MACOSX_DEPLOYMENT_TARGET = 14.0;
				MARKETING_VERSION = 0.1.0;
				MTL_ENABLE_DEBUG_INFO = INCLUDE_SOURCE;
				MTL_FAST_MATH = YES;
				ONLY_ACTIVE_ARCH = YES;
				PRODUCT_NAME = "$(TARGET_NAME)";
				SDKROOT = macosx;
				SWIFT_ACTIVE_COMPILATION_CONDITIONS = DEBUG;
				SWIFT_OPTIMIZATION_LEVEL = "-Onone";
				SWIFT_STRICT_CONCURRENCY = complete;
				SWIFT_VERSION = 6.0;
			};
			name = Debug;
		};
		6FB877543DB68C09C9EEB000 /* Debug */ = {
			isa = XCBuildConfiguration;
			buildSettings = {
				BUNDLE_LOADER = "$(TEST_HOST)";
				COMBINE_HIDPI_IMAGES = YES;
				GENERATE_INFOPLIST_FILE = YES;
				LD_RUNPATH_SEARCH_PATHS = (
					"$(inherited)",
					"@executable_path/../Frameworks",
					"@loader_path/../Frameworks",
				);
				MACOSX_DEPLOYMENT_TARGET = 14.0;
				PRODUCT_BUNDLE_IDENTIFIER = tech.otaru.NotchySnapshotTests;
				SDKROOT = macosx;
				TEST_HOST = "$(BUILT_PRODUCTS_DIR)/Notchy.app/Contents/MacOS/Notchy";
			};
			name = Debug;
		};
		8C7CD9D5D7B59F2B8B9D88BE /* Debug */ = {
			isa = XCBuildConfiguration;
			buildSettings = {
				BUNDLE_LOADER = "$(TEST_HOST)";
				COMBINE_HIDPI_IMAGES = YES;
				GENERATE_INFOPLIST_FILE = YES;
				LD_RUNPATH_SEARCH_PATHS = (
					"$(inherited)",
					"@executable_path/../Frameworks",
					"@loader_path/../Frameworks",
				);
				MACOSX_DEPLOYMENT_TARGET = 14.0;
				PRODUCT_BUNDLE_IDENTIFIER = tech.otaru.NotchyTests;
				SDKROOT = macosx;
				TEST_HOST = "$(BUILT_PRODUCTS_DIR)/Notchy.app/Contents/MacOS/Notchy";
			};
			name = Debug;
		};
		8DADAB3BDE7C3BB79D9E2EA0 /* Release */ = {
			isa = XCBuildConfiguration;
			buildSettings = {
				ARCHS = arm64;
				ASSETCATALOG_COMPILER_APPICON_NAME = AppIcon;
				CODE_SIGN_ENTITLEMENTS = Notchy/Notchy.entitlements;
				COMBINE_HIDPI_IMAGES = YES;
				INFOPLIST_FILE = Notchy/Info.plist;
				LD_RUNPATH_SEARCH_PATHS = (
					"$(inherited)",
					"@executable_path/../Frameworks",
				);
				MACOSX_DEPLOYMENT_TARGET = 14.0;
				PRODUCT_BUNDLE_IDENTIFIER = tech.otaru.Notchy;
				SDKROOT = macosx;
			};
			name = Release;
		};
		B10251582FFCA54694BEA603 /* Release */ = {
			isa = XCBuildConfiguration;
			buildSettings = {
				BUNDLE_LOADER = "$(TEST_HOST)";
				COMBINE_HIDPI_IMAGES = YES;
				GENERATE_INFOPLIST_FILE = YES;
				LD_RUNPATH_SEARCH_PATHS = (
					"$(inherited)",
					"@executable_path/../Frameworks",
					"@loader_path/../Frameworks",
				);
				MACOSX_DEPLOYMENT_TARGET = 14.0;
				PRODUCT_BUNDLE_IDENTIFIER = tech.otaru.NotchyTests;
				SDKROOT = macosx;
				TEST_HOST = "$(BUILT_PRODUCTS_DIR)/Notchy.app/Contents/MacOS/Notchy";
			};
			name = Release;
		};
		CBDA13FD9EAB37F6DD595A83 /* Release */ = {
			isa = XCBuildConfiguration;
			buildSettings = {
				BUNDLE_LOADER = "$(TEST_HOST)";
				COMBINE_HIDPI_IMAGES = YES;
				GENERATE_INFOPLIST_FILE = YES;
				LD_RUNPATH_SEARCH_PATHS = (
					"$(inherited)",
					"@executable_path/../Frameworks",
					"@loader_path/../Frameworks",
				);
				MACOSX_DEPLOYMENT_TARGET = 14.0;
				PRODUCT_BUNDLE_IDENTIFIER = tech.otaru.NotchySnapshotTests;
				SDKROOT = macosx;
				TEST_HOST = "$(BUILT_PRODUCTS_DIR)/Notchy.app/Contents/MacOS/Notchy";
			};
			name = Release;
		};
		D304DE2549AA1B818A48A5C6 /* Release */ = {
			isa = XCBuildConfiguration;
			buildSettings = {
				ALWAYS_SEARCH_USER_PATHS = NO;
				CLANG_ANALYZER_NONNULL = YES;
				CLANG_ANALYZER_NUMBER_OBJECT_CONVERSION = YES_AGGRESSIVE;
				CLANG_CXX_LANGUAGE_STANDARD = "gnu++14";
				CLANG_CXX_LIBRARY = "libc++";
				CLANG_ENABLE_MODULES = YES;
				CLANG_ENABLE_OBJC_ARC = YES;
				CLANG_ENABLE_OBJC_WEAK = YES;
				CLANG_WARN_BLOCK_CAPTURE_AUTORELEASING = YES;
				CLANG_WARN_BOOL_CONVERSION = YES;
				CLANG_WARN_COMMA = YES;
				CLANG_WARN_CONSTANT_CONVERSION = YES;
				CLANG_WARN_DEPRECATED_OBJC_IMPLEMENTATIONS = YES;
				CLANG_WARN_DIRECT_OBJC_ISA_USAGE = YES_ERROR;
				CLANG_WARN_DOCUMENTATION_COMMENTS = YES;
				CLANG_WARN_EMPTY_BODY = YES;
				CLANG_WARN_ENUM_CONVERSION = YES;
				CLANG_WARN_INFINITE_RECURSION = YES;
				CLANG_WARN_INT_CONVERSION = YES;
				CLANG_WARN_NON_LITERAL_NULL_CONVERSION = YES;
				CLANG_WARN_OBJC_IMPLICIT_RETAIN_SELF = YES;
				CLANG_WARN_OBJC_LITERAL_CONVERSION = YES;
				CLANG_WARN_OBJC_ROOT_CLASS = YES_ERROR;
				CLANG_WARN_QUOTED_INCLUDE_IN_FRAMEWORK_HEADER = YES;
				CLANG_WARN_RANGE_LOOP_ANALYSIS = YES;
				CLANG_WARN_STRICT_PROTOTYPES = YES;
				CLANG_WARN_SUSPICIOUS_MOVE = YES;
				CLANG_WARN_UNGUARDED_AVAILABILITY = YES_AGGRESSIVE;
				CLANG_WARN_UNREACHABLE_CODE = YES;
				CLANG_WARN__DUPLICATE_METHOD_MATCH = YES;
				CODE_SIGN_STYLE = Automatic;
				COPY_PHASE_STRIP = NO;
				CURRENT_PROJECT_VERSION = 1;
				DEBUG_INFORMATION_FORMAT = "dwarf-with-dsym";
				ENABLE_HARDENED_RUNTIME = YES;
				ENABLE_NS_ASSERTIONS = NO;
				ENABLE_STRICT_OBJC_MSGSEND = YES;
				GCC_C_LANGUAGE_STANDARD = gnu11;
				GCC_NO_COMMON_BLOCKS = YES;
				GCC_WARN_64_TO_32_BIT_CONVERSION = YES;
				GCC_WARN_ABOUT_RETURN_TYPE = YES_ERROR;
				GCC_WARN_UNDECLARED_SELECTOR = YES;
				GCC_WARN_UNINITIALIZED_AUTOS = YES_AGGRESSIVE;
				GCC_WARN_UNUSED_FUNCTION = YES;
				GCC_WARN_UNUSED_VARIABLE = YES;
				MACOSX_DEPLOYMENT_TARGET = 14.0;
				MARKETING_VERSION = 0.1.0;
				MTL_ENABLE_DEBUG_INFO = NO;
				MTL_FAST_MATH = YES;
				PRODUCT_NAME = "$(TARGET_NAME)";
				SDKROOT = macosx;
				SWIFT_COMPILATION_MODE = wholemodule;
				SWIFT_OPTIMIZATION_LEVEL = "-O";
				SWIFT_STRICT_CONCURRENCY = complete;
				SWIFT_VERSION = 6.0;
			};
			name = Release;
		};
		E4C1AB87203FA909E24B65DC /* Debug */ = {
			isa = XCBuildConfiguration;
			buildSettings = {
				ARCHS = arm64;
				ASSETCATALOG_COMPILER_APPICON_NAME = AppIcon;
				CODE_SIGN_ENTITLEMENTS = Notchy/Notchy.entitlements;
				COMBINE_HIDPI_IMAGES = YES;
				INFOPLIST_FILE = Notchy/Info.plist;
				LD_RUNPATH_SEARCH_PATHS = (
					"$(inherited)",
					"@executable_path/../Frameworks",
				);
				MACOSX_DEPLOYMENT_TARGET = 14.0;
				PRODUCT_BUNDLE_IDENTIFIER = tech.otaru.Notchy;
				SDKROOT = macosx;
			};
			name = Debug;
		};
/* End XCBuildConfiguration section */

/* Begin XCConfigurationList section */
		15CDB06B7363769D0AA337C9 /* Build configuration list for PBXNativeTarget "NotchySnapshotTests" */ = {
			isa = XCConfigurationList;
			buildConfigurations = (
				6FB877543DB68C09C9EEB000 /* Debug */,
				CBDA13FD9EAB37F6DD595A83 /* Release */,
			);
			defaultConfigurationIsVisible = 0;
			defaultConfigurationName = Debug;
		};
		193E61FAC2501DFAE7647449 /* Build configuration list for PBXNativeTarget "NotchyTests" */ = {
			isa = XCConfigurationList;
			buildConfigurations = (
				8C7CD9D5D7B59F2B8B9D88BE /* Debug */,
				B10251582FFCA54694BEA603 /* Release */,
			);
			defaultConfigurationIsVisible = 0;
			defaultConfigurationName = Debug;
		};
		C5AB07D6BCD80C799B426D1D /* Build configuration list for PBXNativeTarget "Notchy" */ = {
			isa = XCConfigurationList;
			buildConfigurations = (
				E4C1AB87203FA909E24B65DC /* Debug */,
				8DADAB3BDE7C3BB79D9E2EA0 /* Release */,
			);
			defaultConfigurationIsVisible = 0;
			defaultConfigurationName = Debug;
		};
		F244AE196A3E745C40F902F1 /* Build configuration list for PBXProject "Notchy" */ = {
			isa = XCConfigurationList;
			buildConfigurations = (
				3EA1FE33C94E9824DF88EBA1 /* Debug */,
				D304DE2549AA1B818A48A5C6 /* Release */,
			);
			defaultConfigurationIsVisible = 0;
			defaultConfigurationName = Debug;
		};
/* End XCConfigurationList section */

/* Begin XCRemoteSwiftPackageReference section */
		0A24E88C1480D1B61A0ABC4D /* XCRemoteSwiftPackageReference "swift-snapshot-testing" */ = {
			isa = XCRemoteSwiftPackageReference;
			repositoryURL = "https://github.com/pointfreeco/swift-snapshot-testing";
			requirement = {
				kind = upToNextMajorVersion;
				minimumVersion = 1.17.0;
			};
		};
/* End XCRemoteSwiftPackageReference section */

/* Begin XCSwiftPackageProductDependency section */
		697146552A7ABDF2F7002D2F /* SnapshotTesting */ = {
			isa = XCSwiftPackageProductDependency;
			package = 0A24E88C1480D1B61A0ABC4D /* XCRemoteSwiftPackageReference "swift-snapshot-testing" */;
			productName = SnapshotTesting;
		};
/* End XCSwiftPackageProductDependency section */
	};
	rootObject = 3BF116DDD3CDA0BF72E9B072 /* Project object */;
}
